// !$*UTF8*$!
{
	archiveVersion = 1;
	classes = {
	};
	objectVersion = 46;
	objects = {

/* Begin PBXBuildFile section */
		C3072F562099B7E400DF9402 /* SwiftyJSON+Extension.swift in Sources */ = {isa = PBXBuildFile; fileRef = C3072F492099B7E400DF9402 /* SwiftyJSON+Extension.swift */; };
		C3072F572099B7E400DF9402 /* Promises+rx.swift in Sources */ = {isa = PBXBuildFile; fileRef = C3072F4A2099B7E400DF9402 /* Promises+rx.swift */; };
		C3072F582099B7E400DF9402 /* Optional.swift in Sources */ = {isa = PBXBuildFile; fileRef = C3072F4B2099B7E400DF9402 /* Optional.swift */; };
		C3072F592099B7E400DF9402 /* Error.swift in Sources */ = {isa = PBXBuildFile; fileRef = C3072F4D2099B7E400DF9402 /* Error.swift */; };
		C3072F5A2099B7E400DF9402 /* Client.swift in Sources */ = {isa = PBXBuildFile; fileRef = C3072F4E2099B7E400DF9402 /* Client.swift */; };
		C3072F5B2099B7E400DF9402 /* RequestQueue.swift in Sources */ = {isa = PBXBuildFile; fileRef = C3072F4F2099B7E400DF9402 /* RequestQueue.swift */; };
		C3072F5C2099B7E400DF9402 /* Config.swift in Sources */ = {isa = PBXBuildFile; fileRef = C3072F502099B7E400DF9402 /* Config.swift */; };
		C3072F5D2099B7E400DF9402 /* Request.swift in Sources */ = {isa = PBXBuildFile; fileRef = C3072F512099B7E400DF9402 /* Request.swift */; };
		C3072F5E2099B7E400DF9402 /* AccessToken.swift in Sources */ = {isa = PBXBuildFile; fileRef = C3072F532099B7E400DF9402 /* AccessToken.swift */; };
		C3072F5F2099B7E400DF9402 /* Authentication.swift in Sources */ = {isa = PBXBuildFile; fileRef = C3072F542099B7E400DF9402 /* Authentication.swift */; };
		C3072F602099B7E400DF9402 /* AuthenticationProvider.swift in Sources */ = {isa = PBXBuildFile; fileRef = C3072F552099B7E400DF9402 /* AuthenticationProvider.swift */; };
		C3502681213FFEBF00FDB0CA /* CobaltTests-Logging.swift in Sources */ = {isa = PBXBuildFile; fileRef = C3502680213FFEBF00FDB0CA /* CobaltTests-Logging.swift */; };
		C37A6B8820F75B7700A4034E /* CobaltTests-Requests.swift in Sources */ = {isa = PBXBuildFile; fileRef = C37A6B8720F75B7700A4034E /* CobaltTests-Requests.swift */; };
		C37A6B8A20F75BA400A4034E /* CobaltTests-Authentication.swift in Sources */ = {isa = PBXBuildFile; fileRef = C37A6B8920F75BA400A4034E /* CobaltTests-Authentication.swift */; };
		C38B33BE20F6315800232170 /* Logger.swift in Sources */ = {isa = PBXBuildFile; fileRef = C38B33BD20F6315800232170 /* Logger.swift */; };
		C38B33C020F6343F00232170 /* TestLogger.swift in Sources */ = {isa = PBXBuildFile; fileRef = C38B33BF20F6343F00232170 /* TestLogger.swift */; };
		C3FF3B0E2126A72500DB75D2 /* Alamofire.framework in Frameworks */ = {isa = PBXBuildFile; fileRef = C3FF3B072126A72500DB75D2 /* Alamofire.framework */; };
		C3FF3B0F2126A72500DB75D2 /* Promises.framework in Frameworks */ = {isa = PBXBuildFile; fileRef = C3FF3B082126A72500DB75D2 /* Promises.framework */; };
		C3FF3B102126A72500DB75D2 /* FBLPromises.framework in Frameworks */ = {isa = PBXBuildFile; fileRef = C3FF3B092126A72500DB75D2 /* FBLPromises.framework */; };
		C3FF3B112126A72500DB75D2 /* SwiftyJSON.framework in Frameworks */ = {isa = PBXBuildFile; fileRef = C3FF3B0A2126A72500DB75D2 /* SwiftyJSON.framework */; };
		C3FF3B122126A72500DB75D2 /* RxCocoa.framework in Frameworks */ = {isa = PBXBuildFile; fileRef = C3FF3B0B2126A72500DB75D2 /* RxCocoa.framework */; };
		C3FF3B132126A72500DB75D2 /* RxSwift.framework in Frameworks */ = {isa = PBXBuildFile; fileRef = C3FF3B0C2126A72500DB75D2 /* RxSwift.framework */; };
		C3FF3B142126A72500DB75D2 /* KeychainAccess.framework in Frameworks */ = {isa = PBXBuildFile; fileRef = C3FF3B0D2126A72500DB75D2 /* KeychainAccess.framework */; };
		C3FF3B152126A84F00DB75D2 /* Alamofire.framework in Frameworks */ = {isa = PBXBuildFile; fileRef = C3FF3B072126A72500DB75D2 /* Alamofire.framework */; };
		C3FF3B162126A84F00DB75D2 /* FBLPromises.framework in Frameworks */ = {isa = PBXBuildFile; fileRef = C3FF3B092126A72500DB75D2 /* FBLPromises.framework */; };
		C3FF3B172126A84F00DB75D2 /* Promises.framework in Frameworks */ = {isa = PBXBuildFile; fileRef = C3FF3B082126A72500DB75D2 /* Promises.framework */; };
		C3FF3B192126A85F00DB75D2 /* Nimble.framework in Frameworks */ = {isa = PBXBuildFile; fileRef = C3FF3B182126A85E00DB75D2 /* Nimble.framework */; };
		C3FF3B1A2126A86D00DB75D2 /* SwiftyJSON.framework in Frameworks */ = {isa = PBXBuildFile; fileRef = C3FF3B0A2126A72500DB75D2 /* SwiftyJSON.framework */; };
		DFDA21FF1D6741AE00683D7D /* Cobalt.framework in Frameworks */ = {isa = PBXBuildFile; fileRef = DFDA21F41D6741AD00683D7D /* Cobalt.framework */; };
		DFDA22041D6741AE00683D7D /* CobaltTests.swift in Sources */ = {isa = PBXBuildFile; fileRef = DFDA22031D6741AE00683D7D /* CobaltTests.swift */; };
		DFDA22161D6741C200683D7D /* Cobalt.h in Headers */ = {isa = PBXBuildFile; fileRef = DFDA22101D6741C200683D7D /* Cobalt.h */; settings = {ATTRIBUTES = (Public, ); }; };
/* End PBXBuildFile section */

/* Begin PBXContainerItemProxy section */
		DFDA22001D6741AE00683D7D /* PBXContainerItemProxy */ = {
			isa = PBXContainerItemProxy;
			containerPortal = DFDA21EB1D6741AD00683D7D /* Project object */;
			proxyType = 1;
			remoteGlobalIDString = DFDA21F31D6741AD00683D7D;
			remoteInfo = APIBaseClient;
		};
/* End PBXContainerItemProxy section */

/* Begin PBXFileReference section */
		C3072F492099B7E400DF9402 /* SwiftyJSON+Extension.swift */ = {isa = PBXFileReference; fileEncoding = 4; lastKnownFileType = sourcecode.swift; path = "SwiftyJSON+Extension.swift"; sourceTree = "<group>"; };
		C3072F4A2099B7E400DF9402 /* Promises+rx.swift */ = {isa = PBXFileReference; fileEncoding = 4; lastKnownFileType = sourcecode.swift; path = "Promises+rx.swift"; sourceTree = "<group>"; };
		C3072F4B2099B7E400DF9402 /* Optional.swift */ = {isa = PBXFileReference; fileEncoding = 4; lastKnownFileType = sourcecode.swift; path = Optional.swift; sourceTree = "<group>"; };
		C3072F4D2099B7E400DF9402 /* Error.swift */ = {isa = PBXFileReference; fileEncoding = 4; lastKnownFileType = sourcecode.swift; path = Error.swift; sourceTree = "<group>"; };
		C3072F4E2099B7E400DF9402 /* Client.swift */ = {isa = PBXFileReference; fileEncoding = 4; lastKnownFileType = sourcecode.swift; path = Client.swift; sourceTree = "<group>"; };
		C3072F4F2099B7E400DF9402 /* RequestQueue.swift */ = {isa = PBXFileReference; fileEncoding = 4; lastKnownFileType = sourcecode.swift; path = RequestQueue.swift; sourceTree = "<group>"; };
		C3072F502099B7E400DF9402 /* Config.swift */ = {isa = PBXFileReference; fileEncoding = 4; lastKnownFileType = sourcecode.swift; path = Config.swift; sourceTree = "<group>"; };
		C3072F512099B7E400DF9402 /* Request.swift */ = {isa = PBXFileReference; fileEncoding = 4; lastKnownFileType = sourcecode.swift; path = Request.swift; sourceTree = "<group>"; };
		C3072F532099B7E400DF9402 /* AccessToken.swift */ = {isa = PBXFileReference; fileEncoding = 4; lastKnownFileType = sourcecode.swift; path = AccessToken.swift; sourceTree = "<group>"; };
		C3072F542099B7E400DF9402 /* Authentication.swift */ = {isa = PBXFileReference; fileEncoding = 4; lastKnownFileType = sourcecode.swift; path = Authentication.swift; sourceTree = "<group>"; };
		C3072F552099B7E400DF9402 /* AuthenticationProvider.swift */ = {isa = PBXFileReference; fileEncoding = 4; lastKnownFileType = sourcecode.swift; path = AuthenticationProvider.swift; sourceTree = "<group>"; };
		C3502680213FFEBF00FDB0CA /* CobaltTests-Logging.swift */ = {isa = PBXFileReference; lastKnownFileType = sourcecode.swift; path = "CobaltTests-Logging.swift"; sourceTree = "<group>"; };
		C37A6B8720F75B7700A4034E /* CobaltTests-Requests.swift */ = {isa = PBXFileReference; lastKnownFileType = sourcecode.swift; path = "CobaltTests-Requests.swift"; sourceTree = "<group>"; };
		C37A6B8920F75BA400A4034E /* CobaltTests-Authentication.swift */ = {isa = PBXFileReference; lastKnownFileType = sourcecode.swift; path = "CobaltTests-Authentication.swift"; sourceTree = "<group>"; };
		C38B33BD20F6315800232170 /* Logger.swift */ = {isa = PBXFileReference; lastKnownFileType = sourcecode.swift; path = Logger.swift; sourceTree = "<group>"; };
		C38B33BF20F6343F00232170 /* TestLogger.swift */ = {isa = PBXFileReference; lastKnownFileType = sourcecode.swift; path = TestLogger.swift; sourceTree = "<group>"; };
		C3FF3B072126A72500DB75D2 /* Alamofire.framework */ = {isa = PBXFileReference; lastKnownFileType = wrapper.framework; name = Alamofire.framework; path = Carthage/Build/iOS/Alamofire.framework; sourceTree = "<group>"; };
		C3FF3B082126A72500DB75D2 /* Promises.framework */ = {isa = PBXFileReference; lastKnownFileType = wrapper.framework; name = Promises.framework; path = Carthage/Build/iOS/Promises.framework; sourceTree = "<group>"; };
		C3FF3B092126A72500DB75D2 /* FBLPromises.framework */ = {isa = PBXFileReference; lastKnownFileType = wrapper.framework; name = FBLPromises.framework; path = Carthage/Build/iOS/FBLPromises.framework; sourceTree = "<group>"; };
		C3FF3B0A2126A72500DB75D2 /* SwiftyJSON.framework */ = {isa = PBXFileReference; lastKnownFileType = wrapper.framework; name = SwiftyJSON.framework; path = Carthage/Build/iOS/SwiftyJSON.framework; sourceTree = "<group>"; };
		C3FF3B0B2126A72500DB75D2 /* RxCocoa.framework */ = {isa = PBXFileReference; lastKnownFileType = wrapper.framework; name = RxCocoa.framework; path = Carthage/Build/iOS/RxCocoa.framework; sourceTree = "<group>"; };
		C3FF3B0C2126A72500DB75D2 /* RxSwift.framework */ = {isa = PBXFileReference; lastKnownFileType = wrapper.framework; name = RxSwift.framework; path = Carthage/Build/iOS/RxSwift.framework; sourceTree = "<group>"; };
		C3FF3B0D2126A72500DB75D2 /* KeychainAccess.framework */ = {isa = PBXFileReference; lastKnownFileType = wrapper.framework; name = KeychainAccess.framework; path = Carthage/Build/iOS/KeychainAccess.framework; sourceTree = "<group>"; };
		C3FF3B182126A85E00DB75D2 /* Nimble.framework */ = {isa = PBXFileReference; lastKnownFileType = wrapper.framework; name = Nimble.framework; path = Carthage/Build/iOS/Nimble.framework; sourceTree = "<group>"; };
		DFDA21F41D6741AD00683D7D /* Cobalt.framework */ = {isa = PBXFileReference; explicitFileType = wrapper.framework; includeInIndex = 0; path = Cobalt.framework; sourceTree = BUILT_PRODUCTS_DIR; };
		DFDA21FE1D6741AE00683D7D /* CobaltTests.xctest */ = {isa = PBXFileReference; explicitFileType = wrapper.cfbundle; includeInIndex = 0; path = CobaltTests.xctest; sourceTree = BUILT_PRODUCTS_DIR; };
		DFDA22031D6741AE00683D7D /* CobaltTests.swift */ = {isa = PBXFileReference; lastKnownFileType = sourcecode.swift; path = CobaltTests.swift; sourceTree = "<group>"; };
		DFDA22051D6741AE00683D7D /* Info.plist */ = {isa = PBXFileReference; lastKnownFileType = text.plist.xml; path = Info.plist; sourceTree = "<group>"; };
		DFDA22101D6741C200683D7D /* Cobalt.h */ = {isa = PBXFileReference; fileEncoding = 4; lastKnownFileType = sourcecode.c.h; path = Cobalt.h; sourceTree = "<group>"; };
		DFDA22131D6741C200683D7D /* Info.plist */ = {isa = PBXFileReference; fileEncoding = 4; lastKnownFileType = text.plist.xml; path = Info.plist; sourceTree = "<group>"; };
/* End PBXFileReference section */

/* Begin PBXFrameworksBuildPhase section */
		DFDA21F01D6741AD00683D7D /* Frameworks */ = {
			isa = PBXFrameworksBuildPhase;
			buildActionMask = 2147483647;
			files = (
				C3FF3B112126A72500DB75D2 /* SwiftyJSON.framework in Frameworks */,
				C3FF3B102126A72500DB75D2 /* FBLPromises.framework in Frameworks */,
				C3FF3B132126A72500DB75D2 /* RxSwift.framework in Frameworks */,
				C3FF3B142126A72500DB75D2 /* KeychainAccess.framework in Frameworks */,
				C3FF3B0F2126A72500DB75D2 /* Promises.framework in Frameworks */,
				C3FF3B122126A72500DB75D2 /* RxCocoa.framework in Frameworks */,
				C3FF3B0E2126A72500DB75D2 /* Alamofire.framework in Frameworks */,
			);
			runOnlyForDeploymentPostprocessing = 0;
		};
		DFDA21FB1D6741AE00683D7D /* Frameworks */ = {
			isa = PBXFrameworksBuildPhase;
			buildActionMask = 2147483647;
			files = (
				C3FF3B192126A85F00DB75D2 /* Nimble.framework in Frameworks */,
				C3FF3B172126A84F00DB75D2 /* Promises.framework in Frameworks */,
				C3FF3B1A2126A86D00DB75D2 /* SwiftyJSON.framework in Frameworks */,
				C3FF3B162126A84F00DB75D2 /* FBLPromises.framework in Frameworks */,
				DFDA21FF1D6741AE00683D7D /* Cobalt.framework in Frameworks */,
				C3FF3B152126A84F00DB75D2 /* Alamofire.framework in Frameworks */,
			);
			runOnlyForDeploymentPostprocessing = 0;
		};
/* End PBXFrameworksBuildPhase section */

/* Begin PBXGroup section */
		C3072F482099B7E400DF9402 /* Extensions */ = {
			isa = PBXGroup;
			children = (
				C3072F492099B7E400DF9402 /* SwiftyJSON+Extension.swift */,
				C3072F4A2099B7E400DF9402 /* Promises+rx.swift */,
				C3072F4B2099B7E400DF9402 /* Optional.swift */,
			);
			path = Extensions;
			sourceTree = "<group>";
		};
		C3072F4C2099B7E400DF9402 /* Core */ = {
			isa = PBXGroup;
			children = (
				C3072F4D2099B7E400DF9402 /* Error.swift */,
				C3072F4E2099B7E400DF9402 /* Client.swift */,
				C3072F4F2099B7E400DF9402 /* RequestQueue.swift */,
				C3072F502099B7E400DF9402 /* Config.swift */,
				C3072F512099B7E400DF9402 /* Request.swift */,
			);
			path = Core;
			sourceTree = "<group>";
		};
		C3072F522099B7E400DF9402 /* Authentication */ = {
			isa = PBXGroup;
			children = (
				C3072F532099B7E400DF9402 /* AccessToken.swift */,
				C3072F542099B7E400DF9402 /* Authentication.swift */,
				C3072F552099B7E400DF9402 /* AuthenticationProvider.swift */,
			);
			path = Authentication;
			sourceTree = "<group>";
		};
		C38B33BC20F6314F00232170 /* Logging */ = {
			isa = PBXGroup;
			children = (
				C38B33BD20F6315800232170 /* Logger.swift */,
			);
			path = Logging;
			sourceTree = "<group>";
		};
		C3CF88072126A6DB00DB29AD /* Frameworks */ = {
			isa = PBXGroup;
			children = (
				C3FF3B182126A85E00DB75D2 /* Nimble.framework */,
				C3FF3B072126A72500DB75D2 /* Alamofire.framework */,
				C3FF3B092126A72500DB75D2 /* FBLPromises.framework */,
				C3FF3B0D2126A72500DB75D2 /* KeychainAccess.framework */,
				C3FF3B082126A72500DB75D2 /* Promises.framework */,
				C3FF3B0B2126A72500DB75D2 /* RxCocoa.framework */,
				C3FF3B0C2126A72500DB75D2 /* RxSwift.framework */,
				C3FF3B0A2126A72500DB75D2 /* SwiftyJSON.framework */,
			);
			name = Frameworks;
			sourceTree = "<group>";
		};
		DFDA21EA1D6741AD00683D7D = {
			isa = PBXGroup;
			children = (
				C3CF88072126A6DB00DB29AD /* Frameworks */,
				DFDA220E1D6741C200683D7D /* Cobalt */,
				DFDA22021D6741AE00683D7D /* CobaltTests */,
				DFDA21F51D6741AD00683D7D /* Products */,
			);
			sourceTree = "<group>";
		};
		DFDA21F51D6741AD00683D7D /* Products */ = {
			isa = PBXGroup;
			children = (
				DFDA21F41D6741AD00683D7D /* Cobalt.framework */,
				DFDA21FE1D6741AE00683D7D /* CobaltTests.xctest */,
			);
			name = Products;
			sourceTree = "<group>";
		};
		DFDA22021D6741AE00683D7D /* CobaltTests */ = {
			isa = PBXGroup;
			children = (
				C38B33BF20F6343F00232170 /* TestLogger.swift */,
				DFDA22031D6741AE00683D7D /* CobaltTests.swift */,
				C37A6B8720F75B7700A4034E /* CobaltTests-Requests.swift */,
				C37A6B8920F75BA400A4034E /* CobaltTests-Authentication.swift */,
				C3502680213FFEBF00FDB0CA /* CobaltTests-Logging.swift */,
				DFDA22051D6741AE00683D7D /* Info.plist */,
			);
			path = CobaltTests;
			sourceTree = "<group>";
		};
		DFDA220E1D6741C200683D7D /* Cobalt */ = {
			isa = PBXGroup;
			children = (
				C38B33BC20F6314F00232170 /* Logging */,
				C3072F522099B7E400DF9402 /* Authentication */,
				C3072F4C2099B7E400DF9402 /* Core */,
				C3072F482099B7E400DF9402 /* Extensions */,
				DFDA22101D6741C200683D7D /* Cobalt.h */,
				DFDA22131D6741C200683D7D /* Info.plist */,
			);
			name = Cobalt;
			path = Sources;
			sourceTree = "<group>";
		};
/* End PBXGroup section */

/* Begin PBXHeadersBuildPhase section */
		DFDA21F11D6741AD00683D7D /* Headers */ = {
			isa = PBXHeadersBuildPhase;
			buildActionMask = 2147483647;
			files = (
				DFDA22161D6741C200683D7D /* Cobalt.h in Headers */,
			);
			runOnlyForDeploymentPostprocessing = 0;
		};
/* End PBXHeadersBuildPhase section */

/* Begin PBXNativeTarget section */
		DFDA21F31D6741AD00683D7D /* Cobalt */ = {
			isa = PBXNativeTarget;
			buildConfigurationList = DFDA22081D6741AE00683D7D /* Build configuration list for PBXNativeTarget "Cobalt" */;
			buildPhases = (
				DFDA21EF1D6741AD00683D7D /* Sources */,
				DFDA21F01D6741AD00683D7D /* Frameworks */,
				DFDA21F11D6741AD00683D7D /* Headers */,
				DFDA21F21D6741AD00683D7D /* Resources */,
			);
			buildRules = (
			);
			dependencies = (
			);
			name = Cobalt;
			productName = APIBaseClient;
			productReference = DFDA21F41D6741AD00683D7D /* Cobalt.framework */;
			productType = "com.apple.product-type.framework";
		};
		DFDA21FD1D6741AE00683D7D /* CobaltTests */ = {
			isa = PBXNativeTarget;
			buildConfigurationList = DFDA220B1D6741AE00683D7D /* Build configuration list for PBXNativeTarget "CobaltTests" */;
			buildPhases = (
				DFDA21FA1D6741AE00683D7D /* Sources */,
				DFDA21FB1D6741AE00683D7D /* Frameworks */,
				DFDA21FC1D6741AE00683D7D /* Resources */,
			);
			buildRules = (
			);
			dependencies = (
				DFDA22011D6741AE00683D7D /* PBXTargetDependency */,
			);
			name = CobaltTests;
			productName = APIBaseClientTests;
			productReference = DFDA21FE1D6741AE00683D7D /* CobaltTests.xctest */;
			productType = "com.apple.product-type.bundle.unit-test";
		};
/* End PBXNativeTarget section */

/* Begin PBXProject section */
		DFDA21EB1D6741AD00683D7D /* Project object */ = {
			isa = PBXProject;
			attributes = {
				LastSwiftUpdateCheck = 0730;
				LastUpgradeCheck = 0930;
				ORGANIZATIONNAME = "E-sites";
				TargetAttributes = {
					DFDA21F31D6741AD00683D7D = {
						CreatedOnToolsVersion = 7.3.1;
						LastSwiftMigration = 0930;
					};
					DFDA21FD1D6741AE00683D7D = {
						CreatedOnToolsVersion = 7.3.1;
						DevelopmentTeam = KH7U9B5DS2;
						LastSwiftMigration = 0800;
					};
				};
			};
			buildConfigurationList = DFDA21EE1D6741AD00683D7D /* Build configuration list for PBXProject "Cobalt" */;
			compatibilityVersion = "Xcode 3.2";
			developmentRegion = English;
			hasScannedForEncodings = 0;
			knownRegions = (
				en,
			);
			mainGroup = DFDA21EA1D6741AD00683D7D;
			productRefGroup = DFDA21F51D6741AD00683D7D /* Products */;
			projectDirPath = "";
			projectRoot = "";
			targets = (
				DFDA21F31D6741AD00683D7D /* Cobalt */,
				DFDA21FD1D6741AE00683D7D /* CobaltTests */,
			);
		};
/* End PBXProject section */

/* Begin PBXResourcesBuildPhase section */
		DFDA21F21D6741AD00683D7D /* Resources */ = {
			isa = PBXResourcesBuildPhase;
			buildActionMask = 2147483647;
			files = (
			);
			runOnlyForDeploymentPostprocessing = 0;
		};
		DFDA21FC1D6741AE00683D7D /* Resources */ = {
			isa = PBXResourcesBuildPhase;
			buildActionMask = 2147483647;
			files = (
			);
			runOnlyForDeploymentPostprocessing = 0;
		};
/* End PBXResourcesBuildPhase section */

/* Begin PBXSourcesBuildPhase section */
		DFDA21EF1D6741AD00683D7D /* Sources */ = {
			isa = PBXSourcesBuildPhase;
			buildActionMask = 2147483647;
			files = (
				C3072F562099B7E400DF9402 /* SwiftyJSON+Extension.swift in Sources */,
				C3072F592099B7E400DF9402 /* Error.swift in Sources */,
				C38B33BE20F6315800232170 /* Logger.swift in Sources */,
				C3072F5E2099B7E400DF9402 /* AccessToken.swift in Sources */,
				C3072F5B2099B7E400DF9402 /* RequestQueue.swift in Sources */,
				C3072F572099B7E400DF9402 /* Promises+rx.swift in Sources */,
				C3072F5A2099B7E400DF9402 /* Client.swift in Sources */,
				C3072F582099B7E400DF9402 /* Optional.swift in Sources */,
				C3072F602099B7E400DF9402 /* AuthenticationProvider.swift in Sources */,
				C3072F5D2099B7E400DF9402 /* Request.swift in Sources */,
				C3072F5F2099B7E400DF9402 /* Authentication.swift in Sources */,
				C3072F5C2099B7E400DF9402 /* Config.swift in Sources */,
			);
			runOnlyForDeploymentPostprocessing = 0;
		};
		DFDA21FA1D6741AE00683D7D /* Sources */ = {
			isa = PBXSourcesBuildPhase;
			buildActionMask = 2147483647;
			files = (
				C37A6B8A20F75BA400A4034E /* CobaltTests-Authentication.swift in Sources */,
				C3502681213FFEBF00FDB0CA /* CobaltTests-Logging.swift in Sources */,
				DFDA22041D6741AE00683D7D /* CobaltTests.swift in Sources */,
				C37A6B8820F75B7700A4034E /* CobaltTests-Requests.swift in Sources */,
				C38B33C020F6343F00232170 /* TestLogger.swift in Sources */,
			);
			runOnlyForDeploymentPostprocessing = 0;
		};
/* End PBXSourcesBuildPhase section */

/* Begin PBXTargetDependency section */
		DFDA22011D6741AE00683D7D /* PBXTargetDependency */ = {
			isa = PBXTargetDependency;
			target = DFDA21F31D6741AD00683D7D /* Cobalt */;
			targetProxy = DFDA22001D6741AE00683D7D /* PBXContainerItemProxy */;
		};
/* End PBXTargetDependency section */

/* Begin XCBuildConfiguration section */
		DFDA22061D6741AE00683D7D /* Debug */ = {
			isa = XCBuildConfiguration;
			buildSettings = {
				ALWAYS_SEARCH_USER_PATHS = NO;
				CLANG_ANALYZER_NONNULL = YES;
				CLANG_CXX_LANGUAGE_STANDARD = "gnu++0x";
				CLANG_CXX_LIBRARY = "libc++";
				CLANG_ENABLE_MODULES = YES;
				CLANG_ENABLE_OBJC_ARC = YES;
				CLANG_WARN_BLOCK_CAPTURE_AUTORELEASING = YES;
				CLANG_WARN_BOOL_CONVERSION = YES;
				CLANG_WARN_COMMA = YES;
				CLANG_WARN_CONSTANT_CONVERSION = YES;
				CLANG_WARN_DEPRECATED_OBJC_IMPLEMENTATIONS = YES;
				CLANG_WARN_DIRECT_OBJC_ISA_USAGE = YES_ERROR;
				CLANG_WARN_EMPTY_BODY = YES;
				CLANG_WARN_ENUM_CONVERSION = YES;
				CLANG_WARN_INFINITE_RECURSION = YES;
				CLANG_WARN_INT_CONVERSION = YES;
				CLANG_WARN_NON_LITERAL_NULL_CONVERSION = YES;
				CLANG_WARN_OBJC_IMPLICIT_RETAIN_SELF = YES;
				CLANG_WARN_OBJC_LITERAL_CONVERSION = YES;
				CLANG_WARN_OBJC_ROOT_CLASS = YES_ERROR;
				CLANG_WARN_RANGE_LOOP_ANALYSIS = YES;
				CLANG_WARN_STRICT_PROTOTYPES = YES;
				CLANG_WARN_SUSPICIOUS_MOVE = YES;
				CLANG_WARN_UNREACHABLE_CODE = YES;
				CLANG_WARN__DUPLICATE_METHOD_MATCH = YES;
				COPY_PHASE_STRIP = NO;
				CURRENT_PROJECT_VERSION = 1;
				DEBUG_INFORMATION_FORMAT = dwarf;
				ENABLE_STRICT_OBJC_MSGSEND = YES;
				ENABLE_TESTABILITY = YES;
				GCC_C_LANGUAGE_STANDARD = gnu99;
				GCC_DYNAMIC_NO_PIC = NO;
				GCC_NO_COMMON_BLOCKS = YES;
				GCC_OPTIMIZATION_LEVEL = 0;
				GCC_PREPROCESSOR_DEFINITIONS = (
					"DEBUG=1",
					"$(inherited)",
				);
				GCC_WARN_64_TO_32_BIT_CONVERSION = YES;
				GCC_WARN_ABOUT_RETURN_TYPE = YES_ERROR;
				GCC_WARN_UNDECLARED_SELECTOR = YES;
				GCC_WARN_UNINITIALIZED_AUTOS = YES_AGGRESSIVE;
				GCC_WARN_UNUSED_FUNCTION = YES;
				GCC_WARN_UNUSED_VARIABLE = YES;
				IPHONEOS_DEPLOYMENT_TARGET = 9.3;
				MTL_ENABLE_DEBUG_INFO = YES;
				ONLY_ACTIVE_ARCH = YES;
				SDKROOT = iphoneos;
				SWIFT_OPTIMIZATION_LEVEL = "-Onone";
				SWIFT_VERSION = 4.2;
				TARGETED_DEVICE_FAMILY = "1,2";
				VERSIONING_SYSTEM = "apple-generic";
				VERSION_INFO_PREFIX = "";
			};
			name = Debug;
		};
		DFDA22071D6741AE00683D7D /* Release */ = {
			isa = XCBuildConfiguration;
			buildSettings = {
				ALWAYS_SEARCH_USER_PATHS = NO;
				CLANG_ANALYZER_NONNULL = YES;
				CLANG_CXX_LANGUAGE_STANDARD = "gnu++0x";
				CLANG_CXX_LIBRARY = "libc++";
				CLANG_ENABLE_MODULES = YES;
				CLANG_ENABLE_OBJC_ARC = YES;
				CLANG_WARN_BLOCK_CAPTURE_AUTORELEASING = YES;
				CLANG_WARN_BOOL_CONVERSION = YES;
				CLANG_WARN_COMMA = YES;
				CLANG_WARN_CONSTANT_CONVERSION = YES;
				CLANG_WARN_DEPRECATED_OBJC_IMPLEMENTATIONS = YES;
				CLANG_WARN_DIRECT_OBJC_ISA_USAGE = YES_ERROR;
				CLANG_WARN_EMPTY_BODY = YES;
				CLANG_WARN_ENUM_CONVERSION = YES;
				CLANG_WARN_INFINITE_RECURSION = YES;
				CLANG_WARN_INT_CONVERSION = YES;
				CLANG_WARN_NON_LITERAL_NULL_CONVERSION = YES;
				CLANG_WARN_OBJC_IMPLICIT_RETAIN_SELF = YES;
				CLANG_WARN_OBJC_LITERAL_CONVERSION = YES;
				CLANG_WARN_OBJC_ROOT_CLASS = YES_ERROR;
				CLANG_WARN_RANGE_LOOP_ANALYSIS = YES;
				CLANG_WARN_STRICT_PROTOTYPES = YES;
				CLANG_WARN_SUSPICIOUS_MOVE = YES;
				CLANG_WARN_UNREACHABLE_CODE = YES;
				CLANG_WARN__DUPLICATE_METHOD_MATCH = YES;
				COPY_PHASE_STRIP = NO;
				CURRENT_PROJECT_VERSION = 1;
				DEBUG_INFORMATION_FORMAT = "dwarf-with-dsym";
				ENABLE_NS_ASSERTIONS = NO;
				ENABLE_STRICT_OBJC_MSGSEND = YES;
				GCC_C_LANGUAGE_STANDARD = gnu99;
				GCC_NO_COMMON_BLOCKS = YES;
				GCC_WARN_64_TO_32_BIT_CONVERSION = YES;
				GCC_WARN_ABOUT_RETURN_TYPE = YES_ERROR;
				GCC_WARN_UNDECLARED_SELECTOR = YES;
				GCC_WARN_UNINITIALIZED_AUTOS = YES_AGGRESSIVE;
				GCC_WARN_UNUSED_FUNCTION = YES;
				GCC_WARN_UNUSED_VARIABLE = YES;
				IPHONEOS_DEPLOYMENT_TARGET = 9.3;
				MTL_ENABLE_DEBUG_INFO = NO;
				SDKROOT = iphoneos;
				SWIFT_OPTIMIZATION_LEVEL = "-Owholemodule";
				SWIFT_VERSION = 4.2;
				TARGETED_DEVICE_FAMILY = "1,2";
				VALIDATE_PRODUCT = YES;
				VERSIONING_SYSTEM = "apple-generic";
				VERSION_INFO_PREFIX = "";
			};
			name = Release;
		};
		DFDA22091D6741AE00683D7D /* Debug */ = {
			isa = XCBuildConfiguration;
			buildSettings = {
				CLANG_ENABLE_MODULES = YES;
				DEFINES_MODULE = YES;
				DYLIB_COMPATIBILITY_VERSION = 1;
				DYLIB_CURRENT_VERSION = 1;
				DYLIB_INSTALL_NAME_BASE = "@rpath";
				ENABLE_TESTABILITY = YES;
				FRAMEWORK_SEARCH_PATHS = (
					"$(inherited)",
					"$(PROJECT_DIR)/Carthage/Build/iOS",
				);
				INFOPLIST_FILE = Sources/Info.plist;
				INSTALL_PATH = "$(LOCAL_LIBRARY_DIR)/Frameworks";
				LD_RUNPATH_SEARCH_PATHS = "$(inherited) @executable_path/Frameworks @loader_path/Frameworks";
				PRODUCT_BUNDLE_IDENTIFIER = com.esites.library.cobalt;
				PRODUCT_NAME = "$(TARGET_NAME)";
				SKIP_INSTALL = YES;
				SWIFT_OPTIMIZATION_LEVEL = "-Onone";
			};
			name = Debug;
		};
		DFDA220A1D6741AE00683D7D /* Release */ = {
			isa = XCBuildConfiguration;
			buildSettings = {
				CLANG_ENABLE_MODULES = YES;
				DEFINES_MODULE = YES;
				DYLIB_COMPATIBILITY_VERSION = 1;
				DYLIB_CURRENT_VERSION = 1;
				DYLIB_INSTALL_NAME_BASE = "@rpath";
				ENABLE_TESTABILITY = YES;
				FRAMEWORK_SEARCH_PATHS = (
					"$(inherited)",
					"$(PROJECT_DIR)/Carthage/Build/iOS",
				);
				INFOPLIST_FILE = Sources/Info.plist;
				INSTALL_PATH = "$(LOCAL_LIBRARY_DIR)/Frameworks";
				LD_RUNPATH_SEARCH_PATHS = "$(inherited) @executable_path/Frameworks @loader_path/Frameworks";
				PRODUCT_BUNDLE_IDENTIFIER = com.esites.library.cobalt;
				PRODUCT_NAME = "$(TARGET_NAME)";
				SKIP_INSTALL = YES;
			};
			name = Release;
		};
		DFDA220C1D6741AE00683D7D /* Debug */ = {
			isa = XCBuildConfiguration;
			buildSettings = {
				ALWAYS_EMBED_SWIFT_STANDARD_LIBRARIES = YES;
				DEVELOPMENT_TEAM = KH7U9B5DS2;
				FRAMEWORK_SEARCH_PATHS = (
					"$(inherited)",
					"$(PROJECT_DIR)/Carthage/Build/iOS",
				);
				INFOPLIST_FILE = CobaltTests/Info.plist;
				LD_RUNPATH_SEARCH_PATHS = "$(inherited) @executable_path/Frameworks @loader_path/Frameworks \"$(PROJECT_DIR)/Carthage/Build/iOS\"";
				PRODUCT_BUNDLE_IDENTIFIER = com.esites.cobalt.tests;
				PRODUCT_NAME = "$(TARGET_NAME)";
			};
			name = Debug;
		};
		DFDA220D1D6741AE00683D7D /* Release */ = {
			isa = XCBuildConfiguration;
			buildSettings = {
				ALWAYS_EMBED_SWIFT_STANDARD_LIBRARIES = YES;
				DEVELOPMENT_TEAM = KH7U9B5DS2;
				FRAMEWORK_SEARCH_PATHS = (
					"$(inherited)",
					"$(PROJECT_DIR)/Carthage/Build/iOS",
				);
				INFOPLIST_FILE = CobaltTests/Info.plist;
				LD_RUNPATH_SEARCH_PATHS = "$(inherited) @executable_path/Frameworks @loader_path/Frameworks \"$(PROJECT_DIR)/Carthage/Build/iOS\"";
				PRODUCT_BUNDLE_IDENTIFIER = com.esites.cobalt.tests;
				PRODUCT_NAME = "$(TARGET_NAME)";
			};
			name = Release;
		};
/* End XCBuildConfiguration section */

/* Begin XCConfigurationList section */
		DFDA21EE1D6741AD00683D7D /* Build configuration list for PBXProject "Cobalt" */ = {
			isa = XCConfigurationList;
			buildConfigurations = (
				DFDA22061D6741AE00683D7D /* Debug */,
				DFDA22071D6741AE00683D7D /* Release */,
			);
			defaultConfigurationIsVisible = 0;
			defaultConfigurationName = Release;
		};
		DFDA22081D6741AE00683D7D /* Build configuration list for PBXNativeTarget "Cobalt" */ = {
			isa = XCConfigurationList;
			buildConfigurations = (
				DFDA22091D6741AE00683D7D /* Debug */,
				DFDA220A1D6741AE00683D7D /* Release */,
			);
			defaultConfigurationIsVisible = 0;
			defaultConfigurationName = Release;
		};
		DFDA220B1D6741AE00683D7D /* Build configuration list for PBXNativeTarget "CobaltTests" */ = {
			isa = XCConfigurationList;
			buildConfigurations = (
				DFDA220C1D6741AE00683D7D /* Debug */,
				DFDA220D1D6741AE00683D7D /* Release */,
			);
			defaultConfigurationIsVisible = 0;
			defaultConfigurationName = Release;
		};
/* End XCConfigurationList section */
	};
	rootObject = DFDA21EB1D6741AD00683D7D /* Project object */;
}
